<?xml version="1.0" encoding="utf-8"?>
<Project ToolsVersion="4.0" xmlns="http://schemas.microsoft.com/developer/msbuild/2003">
  <ItemGroup>
    <ClCompile Include="..\GameAPI\C\GameAPI\Game.c">
      <Filter>GameAPI</Filter>
    </ClCompile>
    <ClCompile Include="dllmain.c">
      <Filter>Source Files</Filter>
    </ClCompile>
    <ClCompile Include="Music.c">
      <Filter>Source Files</Filter>
    </ClCompile>
  </ItemGroup>
  <ItemGroup>
    <ClInclude Include="..\GameAPI\C\GameAPI\Game.h">
      <Filter>GameAPI</Filter>
    </ClInclude>
    <ClInclude Include="..\GameAPI\C\GameAPI\GameLink.h">
      <Filter>GameAPI</Filter>
    </ClInclude>
    <ClInclude Include="..\GameAPI\C\GameAPI\GameObjects.h">
      <Filter>GameAPI</Filter>
    </ClInclude>
    <ClInclude Include="..\GameAPI\C\GameAPI\GameVariables.h">
      <Filter>GameAPI</Filter>
    </ClInclude>
    <ClInclude Include="Music.h">
      <Filter>Source Files</Filter>
    </ClInclude>
    <ClInclude Include="ActClear.h">
      <Filter>Source Files</Filter>
    </ClInclude>
  </ItemGroup>
  <ItemGroup>
    <Filter Include="GameAPI">
      <UniqueIdentifier>{0587b377-ed51-4d3f-bc89-658e30d01c5b}</UniqueIdentifier>
    </Filter>
    <Filter Include="Source Files">
      <UniqueIdentifier>{afb113ed-a74b-473d-865b-ad924c534619}</UniqueIdentifier>
    </Filter>
  </ItemGroup>
</Project>