<?xml version="1.0" encoding="utf-8"?>
<Project ToolsVersion="4.0" xmlns="http://schemas.microsoft.com/developer/msbuild/2003">
  <ItemGroup>
    <Filter Include="Source Files">
      <UniqueIdentifier>{4FC737F1-C7A5-4376-A066-2A32D752A2FF}</UniqueIdentifier>
      <Extensions>cpp;c;cc;cxx;c++;cppm;ixx;def;odl;idl;hpj;bat;asm;asmx</Extensions>
    </Filter>
    <Filter Include="GameAPI">
      <UniqueIdentifier>{2b00ea04-a1d3-4639-b021-f84d63a0646a}</UniqueIdentifier>
    </Filter>
    <Filter Include="Source Files\Objects">
      <UniqueIdentifier>{56f2bd46-20a1-4d49-8e68-9db197b69212}</UniqueIdentifier>
    </Filter>
  </ItemGroup>
  <ItemGroup>
    <ClCompile Include="dllmain.c">
      <Filter>Source Files</Filter>
    </ClCompile>
    <ClCompile Include="..\..\GameAPI\C\GameAPI\Game.c">
      <Filter>GameAPI</Filter>
    </ClCompile>
    <ClCompile Include="Objects\HUD.c">
      <Filter>Source Files\Objects</Filter>
    </ClCompile>
    <ClCompile Include="Objects\Player.c">
      <Filter>Source Files\Objects</Filter>
    </ClCompile>
    <ClCompile Include="Objects\Ring.c">
      <Filter>Source Files\Objects</Filter>
    </ClCompile>
    <ClCompile Include="Objects\Zone.c">
      <Filter>Source Files\Objects</Filter>
    </ClCompile>
    <ClCompile Include="Objects\TitleCard.c">
      <Filter>Source Files\Objects</Filter>
    </ClCompile>
    <ClCompile Include="Objects\ItemBox.c">
      <Filter>Source Files\Objects</Filter>
    </ClCompile>
  </ItemGroup>
  <ItemGroup>
    <ClInclude Include="..\..\GameAPI\C\GameAPI\Game.h">
      <Filter>GameAPI</Filter>
    </ClInclude>
    <ClInclude Include="..\..\GameAPI\C\GameAPI\GameLink.h">
      <Filter>GameAPI</Filter>
    </ClInclude>
    <ClInclude Include="..\..\GameAPI\C\GameAPI\GameObjects.h">
      <Filter>GameAPI</Filter>
    </ClInclude>
    <ClInclude Include="..\..\GameAPI\C\GameAPI\GameVariables.h">
      <Filter>GameAPI</Filter>
    </ClInclude>
    <ClInclude Include="Objects\HUD.h">
      <Filter>Source Files\Objects</Filter>
    </ClInclude>
    <ClInclude Include="Objects\Player.h">
      <Filter>Source Files\Objects</Filter>
    </ClInclude>
    <ClInclude Include="Objects\Zone.h">
      <Filter>Source Files\Objects</Filter>
    </ClInclude>
    <ClInclude Include="Objects\Competition.h">
      <Filter>Source Files\Objects</Filter>
    </ClInclude>
    <ClInclude Include="Objects\CompetitionSession.h">
      <Filter>Source Files\Objects</Filter>
    </ClInclude>
    <ClInclude Include="Objects\GameOver.h">
      <Filter>Source Files\Objects</Filter>
    </ClInclude>
    <ClInclude Include="Objects\Camera.h">
      <Filter>Source Files\Objects</Filter>
    </ClInclude>
    <ClInclude Include="Objects\Ring.h">
      <Filter>Source Files\Objects</Filter>
    </ClInclude>
    <ClInclude Include="Objects\TitleCard.h">
      <Filter>Source Files\Objects</Filter>
    </ClInclude>
    <ClInclude Include="Objects\ItemBox.h">
      <Filter>Source Files\Objects</Filter>
    </ClInclude>
    <ClInclude Include="Objects\LRZConvItem.h">
      <Filter>Source Files\Objects</Filter>
    </ClInclude>
  </ItemGroup>
  <ItemGroup>
    <None Include="cpp.hint" />
  </ItemGroup>
</Project>