<?xml version="1.0" encoding="utf-8"?>
<Project ToolsVersion="4.0" xmlns="http://schemas.microsoft.com/developer/msbuild/2003">
  <ItemGroup>
    <ClCompile Include="dllmain.c">
      <Filter>Source Files</Filter>
    </ClCompile>
    <ClCompile Include="GameAPI\C\GameAPI\Game.c">
      <Filter>GameAPI</Filter>
    </ClCompile>
    <ClCompile Include="ItemBox.c">
      <Filter>Source Files</Filter>
    </ClCompile>
  </ItemGroup>
  <ItemGroup>
    <ClInclude Include="GameAPI\C\GameAPI\Game.h">
      <Filter>GameAPI</Filter>
    </ClInclude>
    <ClInclude Include="GameAPI\C\GameAPI\GameLink.h">
      <Filter>GameAPI</Filter>
    </ClInclude>
    <ClInclude Include="GameAPI\C\GameAPI\GameObjects.h">
      <Filter>GameAPI</Filter>
    </ClInclude>
    <ClInclude Include="GameAPI\C\GameAPI\GameVariables.h">
      <Filter>GameAPI</Filter>
    </ClInclude>
    <ClInclude Include="ItemBox.h">
      <Filter>Source Files</Filter>
    </ClInclude>
    <ClInclude Include="Misc.h">
      <Filter>Source Files</Filter>
    </ClInclude>
    <ClInclude Include="Player.h">
      <Filter>Source Files</Filter>
    </ClInclude>
  </ItemGroup>
  <ItemGroup>
    <Filter Include="GameAPI">
      <UniqueIdentifier>{8e340560-7b02-4f7e-babd-c8d7071dd606}</UniqueIdentifier>
    </Filter>
    <Filter Include="Source Files">
      <UniqueIdentifier>{be88c774-2346-498e-821a-ac1bfeba31dc}</UniqueIdentifier>
    </Filter>
  </ItemGroup>
</Project>